
Microsoft Visual Studio Solution File, Format Version 12.00
# Visual Studio Version 16
VisualStudioVersion = 16.0.31410.357
MinimumVisualStudioVersion = 10.0.40219.1
Project("{FAE04EC0-301F-11D3-BF4B-00C04F79EFBC}") = "ZenKeeperPet", "ZenKeeperPet.csproj", "{814011FD-DC0E-4843-A7FB-275CFCC4D8C4}"
EndProject
Global
	GlobalSection(SolutionConfigurationPlatforms) = preSolution
		Debug|Any CPU = Debug|Any CPU
		Release|Any CPU = Release|Any CPU
	EndGlobalSection
	GlobalSection(ProjectConfigurationPlatforms) = postSolution
		{814011FD-DC0E-4843-A7FB-275CFCC4D8C4}.Debug|Any CPU.ActiveCfg = Debug|Any CPU
		{814011FD-DC0E-4843-A7FB-275CFCC4D8C4}.Debug|Any CPU.Build.0 = Debug|Any CPU
		{814011FD-DC0E-4843-A7FB-275CFCC4D8C4}.Release|Any CPU.ActiveCfg = Release|Any CPU
		{814011FD-DC0E-4843-A7FB-275CFCC4D8C4}.Release|Any CPU.Build.0 = Release|Any CPU
	EndGlobalSection
	GlobalSection(SolutionProperties) = preSolution
		HideSolutionNode = FALSE
	EndGlobalSection
	GlobalSection(ExtensibilityGlobals) = postSolution
		SolutionGuid = {F6CCF7CD-BC3C-49FE-93E6-F86B8BCC242E}
	EndGlobalSection
EndGlobal
